
Microsoft Visual Studio Solution File, Format Version 12.00
# Visual Studio Version 16
VisualStudioVersion = 16.0.30413.136
MinimumVisualStudioVersion = 10.0.40219.1
Project("{FAE04EC0-301F-11D3-BF4B-00C04F79EFBC}") = "nxttr", "nxttr\nxttr.csproj", "{24E775E2-5728-469C-AFA9-F1D81FC1E486}"
EndProject
Global
	GlobalSection(SolutionConfigurationPlatforms) = preSolution
		Debug|Any CPU = Debug|Any CPU
		Release|Any CPU = Release|Any CPU
	EndGlobalSection
	GlobalSection(ProjectConfigurationPlatforms) = postSolution
		{24E775E2-5728-469C-AFA9-F1D81FC1E486}.Debug|Any CPU.ActiveCfg = Debug|Any CPU
		{24E775E2-5728-469C-AFA9-F1D81FC1E486}.Debug|Any CPU.Build.0 = Debug|Any CPU
		{24E775E2-5728-469C-AFA9-F1D81FC1E486}.Release|Any CPU.ActiveCfg = Release|Any CPU
		{24E775E2-5728-469C-AFA9-F1D81FC1E486}.Release|Any CPU.Build.0 = Release|Any CPU
	EndGlobalSection
	GlobalSection(SolutionProperties) = preSolution
		HideSolutionNode = FALSE
	EndGlobalSection
	GlobalSection(ExtensibilityGlobals) = postSolution
		SolutionGuid = {621256AA-9BF8-470E-B530-CE088F8F1323}
	EndGlobalSection
EndGlobal
